{
  "requires": true,
  "lockfileVersion": 1,
  "dependencies": {
    "@types/node": {
      "version": "14.0.27",
      "resolved": "https://registry.npmjs.org/@types/node/-/node-14.0.27.tgz",
      "integrity": "sha512-kVrqXhbclHNHGu9ztnAwSncIgJv/FaxmzXJvGXNdcCpV1b8u1/Mi6z6m0vwy0LzKeXFTPLH0NzwmoJ3fNCIq0g=="
    },
    "@types/parse": {
      "version": "2.12.2",
      "resolved": "https://registry.npmjs.org/@types/parse/-/parse-2.12.2.tgz",
      "integrity": "sha512-RBPFvbPJwgYABmMGRtV5Ix4QBI4loPpZ4fkAvyV4sKZ13kmYMOk5z1tWvWZnofz0vp+NV/WiUGuKwrdbtx26/g==",
      "requires": {
        "@types/node": "*"
      }
    }
  }
}
